
Microsoft Visual Studio Solution File, Format Version 12.00
# Visual Studio 15
VisualStudioVersion = 15.0.27004.2009
MinimumVisualStudioVersion = 10.0.40219.1
Project("{FAE04EC0-301F-11D3-BF4B-00C04F79EFBC}") = "TicTacToe", "TicTacToe\TicTacToe.csproj", "{EB27E063-A215-483F-9306-037032948DDF}"
EndProject
Global
	GlobalSection(SolutionConfigurationPlatforms) = preSolution
		Debug|Any CPU = Debug|Any CPU
		Release|Any CPU = Release|Any CPU
	EndGlobalSection
	GlobalSection(ProjectConfigurationPlatforms) = postSolution
		{EB27E063-A215-483F-9306-037032948DDF}.Debug|Any CPU.ActiveCfg = Debug|Any CPU
		{EB27E063-A215-483F-9306-037032948DDF}.Debug|Any CPU.Build.0 = Debug|Any CPU
		{EB27E063-A215-483F-9306-037032948DDF}.Release|Any CPU.ActiveCfg = Release|Any CPU
		{EB27E063-A215-483F-9306-037032948DDF}.Release|Any CPU.Build.0 = Release|Any CPU
	EndGlobalSection
	GlobalSection(SolutionProperties) = preSolution
		HideSolutionNode = FALSE
	EndGlobalSection
	GlobalSection(ExtensibilityGlobals) = postSolution
		SolutionGuid = {C7C39F6B-5983-4D59-94A2-0C2C91A9AE42}
	EndGlobalSection
EndGlobal
